
Microsoft Visual Studio Solution File, Format Version 12.00
# Visual Studio Version 17
VisualStudioVersion = 17.0.32014.148
MinimumVisualStudioVersion = 10.0.40219.1
Project("{FAE04EC0-301F-11D3-BF4B-00C04F79EFBC}") = "MySQLBasicCommands", "MySQLBasicCommands\MySQLBasicCommands.csproj", "{C93FA5D2-D149-4E60-85F9-9B40E792520C}"
EndProject
Global
	GlobalSection(SolutionConfigurationPlatforms) = preSolution
		Debug|Any CPU = Debug|Any CPU
		Release|Any CPU = Release|Any CPU
	EndGlobalSection
	GlobalSection(ProjectConfigurationPlatforms) = postSolution
		{C93FA5D2-D149-4E60-85F9-9B40E792520C}.Debug|Any CPU.ActiveCfg = Debug|Any CPU
		{C93FA5D2-D149-4E60-85F9-9B40E792520C}.Debug|Any CPU.Build.0 = Debug|Any CPU
		{C93FA5D2-D149-4E60-85F9-9B40E792520C}.Release|Any CPU.ActiveCfg = Release|Any CPU
		{C93FA5D2-D149-4E60-85F9-9B40E792520C}.Release|Any CPU.Build.0 = Release|Any CPU
	EndGlobalSection
	GlobalSection(SolutionProperties) = preSolution
		HideSolutionNode = FALSE
	EndGlobalSection
	GlobalSection(ExtensibilityGlobals) = postSolution
		SolutionGuid = {A4B4715A-1885-4EF6-BED9-79F54FDB89CA}
	EndGlobalSection
EndGlobal
